
Microsoft Visual Studio Solution File, Format Version 12.00
# Visual Studio Version 17
VisualStudioVersion = 17.3.32922.545
MinimumVisualStudioVersion = 10.0.40219.1
Project("{8BC9CEB8-8B4A-11D0-8D11-00A0C91BC942}") = "pointer_lesson5", "pointer_lesson5\pointer_lesson5.vcxproj", "{19608C2E-FEBA-4103-AA98-7D2F6990BBEB}"
EndProject
Global
	GlobalSection(SolutionConfigurationPlatforms) = preSolution
		Debug|x64 = Debug|x64
		Debug|x86 = Debug|x86
		Release|x64 = Release|x64
		Release|x86 = Release|x86
	EndGlobalSection
	GlobalSection(ProjectConfigurationPlatforms) = postSolution
		{19608C2E-FEBA-4103-AA98-7D2F6990BBEB}.Debug|x64.ActiveCfg = Debug|x64
		{19608C2E-FEBA-4103-AA98-7D2F6990BBEB}.Debug|x64.Build.0 = Debug|x64
		{19608C2E-FEBA-4103-AA98-7D2F6990BBEB}.Debug|x86.ActiveCfg = Debug|Win32
		{19608C2E-FEBA-4103-AA98-7D2F6990BBEB}.Debug|x86.Build.0 = Debug|Win32
		{19608C2E-FEBA-4103-AA98-7D2F6990BBEB}.Release|x64.ActiveCfg = Release|x64
		{19608C2E-FEBA-4103-AA98-7D2F6990BBEB}.Release|x64.Build.0 = Release|x64
		{19608C2E-FEBA-4103-AA98-7D2F6990BBEB}.Release|x86.ActiveCfg = Release|Win32
		{19608C2E-FEBA-4103-AA98-7D2F6990BBEB}.Release|x86.Build.0 = Release|Win32
	EndGlobalSection
	GlobalSection(SolutionProperties) = preSolution
		HideSolutionNode = FALSE
	EndGlobalSection
	GlobalSection(ExtensibilityGlobals) = postSolution
		SolutionGuid = {5A8BF8A2-0FE3-40D5-89A0-576BFF20CC10}
	EndGlobalSection
EndGlobal
